
Microsoft Visual Studio Solution File, Format Version 12.00
# Visual Studio Version 16
VisualStudioVersion = 16.0.34407.143
MinimumVisualStudioVersion = 10.0.40219.1
Project("{FAE04EC0-301F-11D3-BF4B-00C04F79EFBC}") = "ConsoleAppAssignmentpart5of6", "ConsoleAppAssignmentpart5of6\ConsoleAppAssignmentpart5of6.csproj", "{11AF5F4A-3CAE-4DA3-87BA-B61ED860C1CA}"
EndProject
Global
	GlobalSection(SolutionConfigurationPlatforms) = preSolution
		Debug|Any CPU = Debug|Any CPU
		Release|Any CPU = Release|Any CPU
	EndGlobalSection
	GlobalSection(ProjectConfigurationPlatforms) = postSolution
		{11AF5F4A-3CAE-4DA3-87BA-B61ED860C1CA}.Debug|Any CPU.ActiveCfg = Debug|Any CPU
		{11AF5F4A-3CAE-4DA3-87BA-B61ED860C1CA}.Debug|Any CPU.Build.0 = Debug|Any CPU
		{11AF5F4A-3CAE-4DA3-87BA-B61ED860C1CA}.Release|Any CPU.ActiveCfg = Release|Any CPU
		{11AF5F4A-3CAE-4DA3-87BA-B61ED860C1CA}.Release|Any CPU.Build.0 = Release|Any CPU
	EndGlobalSection
	GlobalSection(SolutionProperties) = preSolution
		HideSolutionNode = FALSE
	EndGlobalSection
	GlobalSection(ExtensibilityGlobals) = postSolution
		SolutionGuid = {5E4F4AF5-35D6-4915-B7D6-5B1EAC51C647}
	EndGlobalSection
EndGlobal
